// !$*UTF8*$!
{
	archiveVersion = 1;
	classes = {
	};
	objectVersion = 50;
	objects = {

/* Begin PBXBuildFile section */
		030FA75723210276008DF4E7 /* UIBarButtonItemExtension.swift in Sources */ = {isa = PBXBuildFile; fileRef = 030FA75623210276008DF4E7 /* UIBarButtonItemExtension.swift */; };
		0310AC1922FD772F00965ECD /* UTabBarController.swift in Sources */ = {isa = PBXBuildFile; fileRef = 0310AC1822FD772F00965ECD /* UTabBarController.swift */; };
		031355262302C09D00E830DE /* UBaseTableViewHeaderFooterView.swift in Sources */ = {isa = PBXBuildFile; fileRef = 031355252302C09D00E830DE /* UBaseTableViewHeaderFooterView.swift */; };
		031A291E23192DA40085D3D7 /* UNavigationController.swift in Sources */ = {isa = PBXBuildFile; fileRef = 031A291D23192DA30085D3D7 /* UNavigationController.swift */; };
		031C0248230AB1F7000656EC /* UBaseCollectionViewCell.swift in Sources */ = {isa = PBXBuildFile; fileRef = 031C0247230AB1F7000656EC /* UBaseCollectionViewCell.swift */; };
		031C024A230AB2A4000656EC /* UBaseTableViewCell.swift in Sources */ = {isa = PBXBuildFile; fileRef = 031C0249230AB2A4000656EC /* UBaseTableViewCell.swift */; };
		031C024C230AB4F0000656EC /* UBaseCollectionReusableView.swift in Sources */ = {isa = PBXBuildFile; fileRef = 031C024B230AB4EF000656EC /* UBaseCollectionReusableView.swift */; };
		031DE493232262D30058AABD /* StringExtension.swift in Sources */ = {isa = PBXBuildFile; fileRef = 031DE492232262D30058AABD /* StringExtension.swift */; };
		031DE495232267960058AABD /* UIDeviceExtension.swift in Sources */ = {isa = PBXBuildFile; fileRef = 031DE494232267960058AABD /* UIDeviceExtension.swift */; };
		031DE497232274280058AABD /* UIImageExtensions.swift in Sources */ = {isa = PBXBuildFile; fileRef = 031DE496232274280058AABD /* UIImageExtensions.swift */; };
		031DE4992322744A0058AABD /* ArrayExtensions.swift in Sources */ = {isa = PBXBuildFile; fileRef = 031DE4982322744A0058AABD /* ArrayExtensions.swift */; };
		031DE49B2322748A0058AABD /* DictionaryExtension.swift in Sources */ = {isa = PBXBuildFile; fileRef = 031DE49A2322748A0058AABD /* DictionaryExtension.swift */; };
		031DE49D232275980058AABD /* DispatchQueueExtension.swift in Sources */ = {isa = PBXBuildFile; fileRef = 031DE49C232275980058AABD /* DispatchQueueExtension.swift */; };
		03406BAD22FC366B007DDF0E /* AppDelegate.swift in Sources */ = {isa = PBXBuildFile; fileRef = 03406BAC22FC366B007DDF0E /* AppDelegate.swift */; };
		03406BAF22FC366B007DDF0E /* ViewController.swift in Sources */ = {isa = PBXBuildFile; fileRef = 03406BAE22FC366B007DDF0E /* ViewController.swift */; };
		03406BB222FC366B007DDF0E /* Main.storyboard in Resources */ = {isa = PBXBuildFile; fileRef = 03406BB022FC366B007DDF0E /* Main.storyboard */; };
		03406BB422FC366B007DDF0E /* Assets.xcassets in Resources */ = {isa = PBXBuildFile; fileRef = 03406BB322FC366B007DDF0E /* Assets.xcassets */; };
		03406BB722FC366B007DDF0E /* LaunchScreen.storyboard in Resources */ = {isa = PBXBuildFile; fileRef = 03406BB522FC366B007DDF0E /* LaunchScreen.storyboard */; };
		03406BC022FC4700007DDF0E /* Global.swift in Sources */ = {isa = PBXBuildFile; fileRef = 03406BBF22FC4700007DDF0E /* Global.swift */; };
		0348346A232AA537003F7563 /* ConstraintArrayDSL.swift in Sources */ = {isa = PBXBuildFile; fileRef = 03483469232AA52F003F7563 /* ConstraintArrayDSL.swift */; };
		039A25F7230BFCFB001AA408 /* UBaseViewController.swift in Sources */ = {isa = PBXBuildFile; fileRef = 039A25F6230BFCFA001AA408 /* UBaseViewController.swift */; };
		039A25FA230C003F001AA408 /* UIColorExtension.swift in Sources */ = {isa = PBXBuildFile; fileRef = 039A25F9230C003F001AA408 /* UIColorExtension.swift */; };
		039F0774232552C6006A13AB /* UIViewExtension.swift in Sources */ = {isa = PBXBuildFile; fileRef = 039F0773232552C6006A13AB /* UIViewExtension.swift */; };
		03EC4C20232FA02400D8B7B4 /* UWebViewController.swift in Sources */ = {isa = PBXBuildFile; fileRef = 03EC4C1F232FA02400D8B7B4 /* UWebViewController.swift */; };
		841349EBD9F1FFE8AF3DED01 /* Pods_Caricature_Swift.framework in Frameworks */ = {isa = PBXBuildFile; fileRef = F4ECF4444F8B618D9AEB3672 /* Pods_Caricature_Swift.framework */; };
/* End PBXBuildFile section */

/* Begin PBXFileReference section */
		030FA75623210276008DF4E7 /* UIBarButtonItemExtension.swift */ = {isa = PBXFileReference; lastKnownFileType = sourcecode.swift; path = UIBarButtonItemExtension.swift; sourceTree = "<group>"; };
		0310AC1822FD772F00965ECD /* UTabBarController.swift */ = {isa = PBXFileReference; lastKnownFileType = sourcecode.swift; path = UTabBarController.swift; sourceTree = "<group>"; };
		031355252302C09D00E830DE /* UBaseTableViewHeaderFooterView.swift */ = {isa = PBXFileReference; lastKnownFileType = sourcecode.swift; path = UBaseTableViewHeaderFooterView.swift; sourceTree = "<group>"; };
		031A291D23192DA30085D3D7 /* UNavigationController.swift */ = {isa = PBXFileReference; lastKnownFileType = sourcecode.swift; path = UNavigationController.swift; sourceTree = "<group>"; };
		031C0247230AB1F7000656EC /* UBaseCollectionViewCell.swift */ = {isa = PBXFileReference; lastKnownFileType = sourcecode.swift; path = UBaseCollectionViewCell.swift; sourceTree = "<group>"; };
		031C0249230AB2A4000656EC /* UBaseTableViewCell.swift */ = {isa = PBXFileReference; lastKnownFileType = sourcecode.swift; path = UBaseTableViewCell.swift; sourceTree = "<group>"; };
		031C024B230AB4EF000656EC /* UBaseCollectionReusableView.swift */ = {isa = PBXFileReference; lastKnownFileType = sourcecode.swift; path = UBaseCollectionReusableView.swift; sourceTree = "<group>"; };
		031DE492232262D30058AABD /* StringExtension.swift */ = {isa = PBXFileReference; lastKnownFileType = sourcecode.swift; path = StringExtension.swift; sourceTree = "<group>"; };
		031DE494232267960058AABD /* UIDeviceExtension.swift */ = {isa = PBXFileReference; lastKnownFileType = sourcecode.swift; path = UIDeviceExtension.swift; sourceTree = "<group>"; };
		031DE496232274280058AABD /* UIImageExtensions.swift */ = {isa = PBXFileReference; lastKnownFileType = sourcecode.swift; path = UIImageExtensions.swift; sourceTree = "<group>"; };
		031DE4982322744A0058AABD /* ArrayExtensions.swift */ = {isa = PBXFileReference; lastKnownFileType = sourcecode.swift; path = ArrayExtensions.swift; sourceTree = "<group>"; };
		031DE49A2322748A0058AABD /* DictionaryExtension.swift */ = {isa = PBXFileReference; lastKnownFileType = sourcecode.swift; path = DictionaryExtension.swift; sourceTree = "<group>"; };
		031DE49C232275980058AABD /* DispatchQueueExtension.swift */ = {isa = PBXFileReference; lastKnownFileType = sourcecode.swift; path = DispatchQueueExtension.swift; sourceTree = "<group>"; };
		03406BA922FC366B007DDF0E /* Caricature_Swift.app */ = {isa = PBXFileReference; explicitFileType = wrapper.application; includeInIndex = 0; path = Caricature_Swift.app; sourceTree = BUILT_PRODUCTS_DIR; };
		03406BAC22FC366B007DDF0E /* AppDelegate.swift */ = {isa = PBXFileReference; lastKnownFileType = sourcecode.swift; path = AppDelegate.swift; sourceTree = "<group>"; };
		03406BAE22FC366B007DDF0E /* ViewController.swift */ = {isa = PBXFileReference; lastKnownFileType = sourcecode.swift; path = ViewController.swift; sourceTree = "<group>"; };
		03406BB122FC366B007DDF0E /* Base */ = {isa = PBXFileReference; lastKnownFileType = file.storyboard; name = Base; path = Base.lproj/Main.storyboard; sourceTree = "<group>"; };
		03406BB322FC366B007DDF0E /* Assets.xcassets */ = {isa = PBXFileReference; lastKnownFileType = folder.assetcatalog; path = Assets.xcassets; sourceTree = "<group>"; };
		03406BB622FC366B007DDF0E /* Base */ = {isa = PBXFileReference; lastKnownFileType = file.storyboard; name = Base; path = Base.lproj/LaunchScreen.storyboard; sourceTree = "<group>"; };
		03406BB822FC366B007DDF0E /* Info.plist */ = {isa = PBXFileReference; lastKnownFileType = text.plist.xml; path = Info.plist; sourceTree = "<group>"; };
		03406BBF22FC4700007DDF0E /* Global.swift */ = {isa = PBXFileReference; lastKnownFileType = sourcecode.swift; path = Global.swift; sourceTree = "<group>"; };
		03483469232AA52F003F7563 /* ConstraintArrayDSL.swift */ = {isa = PBXFileReference; fileEncoding = 4; lastKnownFileType = sourcecode.swift; path = ConstraintArrayDSL.swift; sourceTree = "<group>"; };
		039A25F6230BFCFA001AA408 /* UBaseViewController.swift */ = {isa = PBXFileReference; lastKnownFileType = sourcecode.swift; path = UBaseViewController.swift; sourceTree = "<group>"; };
		039A25F9230C003F001AA408 /* UIColorExtension.swift */ = {isa = PBXFileReference; lastKnownFileType = sourcecode.swift; path = UIColorExtension.swift; sourceTree = "<group>"; };
		039F0773232552C6006A13AB /* UIViewExtension.swift */ = {isa = PBXFileReference; lastKnownFileType = sourcecode.swift; path = UIViewExtension.swift; sourceTree = "<group>"; };
		03EC4C1F232FA02400D8B7B4 /* UWebViewController.swift */ = {isa = PBXFileReference; lastKnownFileType = sourcecode.swift; path = UWebViewController.swift; sourceTree = "<group>"; };
		5F7CD7CF795788B0CE6F1FF0 /* Pods-Caricature_Swift.release.xcconfig */ = {isa = PBXFileReference; includeInIndex = 1; lastKnownFileType = text.xcconfig; name = "Pods-Caricature_Swift.release.xcconfig"; path = "Pods/Target Support Files/Pods-Caricature_Swift/Pods-Caricature_Swift.release.xcconfig"; sourceTree = "<group>"; };
		85CF236D36DAE7814D71F8A6 /* Pods-Caricature_Swift.debug.xcconfig */ = {isa = PBXFileReference; includeInIndex = 1; lastKnownFileType = text.xcconfig; name = "Pods-Caricature_Swift.debug.xcconfig"; path = "Pods/Target Support Files/Pods-Caricature_Swift/Pods-Caricature_Swift.debug.xcconfig"; sourceTree = "<group>"; };
		F4ECF4444F8B618D9AEB3672 /* Pods_Caricature_Swift.framework */ = {isa = PBXFileReference; explicitFileType = wrapper.framework; includeInIndex = 0; path = Pods_Caricature_Swift.framework; sourceTree = BUILT_PRODUCTS_DIR; };
/* End PBXFileReference section */

/* Begin PBXFrameworksBuildPhase section */
		03406BA622FC366B007DDF0E /* Frameworks */ = {
			isa = PBXFrameworksBuildPhase;
			buildActionMask = 2147483647;
			files = (
				841349EBD9F1FFE8AF3DED01 /* Pods_Caricature_Swift.framework in Frameworks */,
			);
			runOnlyForDeploymentPostprocessing = 0;
		};
/* End PBXFrameworksBuildPhase section */

/* Begin PBXGroup section */
		031355222302C04E00E830DE /* Base */ = {
			isa = PBXGroup;
			children = (
				031355232302C06100E830DE /* View */,
				031355242302C06700E830DE /* Controller */,
			);
			path = Base;
			sourceTree = "<group>";
		};
		031355232302C06100E830DE /* View */ = {
			isa = PBXGroup;
			children = (
				031355252302C09D00E830DE /* UBaseTableViewHeaderFooterView.swift */,
				031C0247230AB1F7000656EC /* UBaseCollectionViewCell.swift */,
				031C0249230AB2A4000656EC /* UBaseTableViewCell.swift */,
				031C024B230AB4EF000656EC /* UBaseCollectionReusableView.swift */,
			);
			path = View;
			sourceTree = "<group>";
		};
		031355242302C06700E830DE /* Controller */ = {
			isa = PBXGroup;
			children = (
				039A25F6230BFCFA001AA408 /* UBaseViewController.swift */,
				031A291D23192DA30085D3D7 /* UNavigationController.swift */,
				03EC4C1F232FA02400D8B7B4 /* UWebViewController.swift */,
			);
			path = Controller;
			sourceTree = "<group>";
		};
		03406BA022FC366B007DDF0E = {
			isa = PBXGroup;
			children = (
				03406BAB22FC366B007DDF0E /* Caricature_Swift */,
				03406BAA22FC366B007DDF0E /* Products */,
				DE16BAF11461EF16F74D6908 /* Pods */,
				6305C63761C3DCC012B12794 /* Frameworks */,
			);
			sourceTree = "<group>";
		};
		03406BAA22FC366B007DDF0E /* Products */ = {
			isa = PBXGroup;
			children = (
				03406BA922FC366B007DDF0E /* Caricature_Swift.app */,
			);
			name = Products;
			sourceTree = "<group>";
		};
		03406BAB22FC366B007DDF0E /* Caricature_Swift */ = {
			isa = PBXGroup;
			children = (
				03483469232AA52F003F7563 /* ConstraintArrayDSL.swift */,
				03406BB822FC366B007DDF0E /* Info.plist */,
				03406BB322FC366B007DDF0E /* Assets.xcassets */,
				039A25F8230C0015001AA408 /* Extension */,
				03406BBE22FC46DE007DDF0E /* Procedure */,
				03406BAE22FC366B007DDF0E /* ViewController.swift */,
				03406BB022FC366B007DDF0E /* Main.storyboard */,
				03406BB522FC366B007DDF0E /* LaunchScreen.storyboard */,
				0310AC1822FD772F00965ECD /* UTabBarController.swift */,
			);
			path = Caricature_Swift;
			sourceTree = "<group>";
		};
		03406BBE22FC46DE007DDF0E /* Procedure */ = {
			isa = PBXGroup;
			children = (
				03406BAC22FC366B007DDF0E /* AppDelegate.swift */,
				03406BBF22FC4700007DDF0E /* Global.swift */,
				031355222302C04E00E830DE /* Base */,
			);
			path = Procedure;
			sourceTree = "<group>";
		};
		039A25F8230C0015001AA408 /* Extension */ = {
			isa = PBXGroup;
			children = (
				031DE4982322744A0058AABD /* ArrayExtensions.swift */,
				039A25F9230C003F001AA408 /* UIColorExtension.swift */,
				039F0773232552C6006A13AB /* UIViewExtension.swift */,
				030FA75623210276008DF4E7 /* UIBarButtonItemExtension.swift */,
				031DE494232267960058AABD /* UIDeviceExtension.swift */,
				031DE496232274280058AABD /* UIImageExtensions.swift */,
				031DE49C232275980058AABD /* DispatchQueueExtension.swift */,
				031DE492232262D30058AABD /* StringExtension.swift */,
				031DE49A2322748A0058AABD /* DictionaryExtension.swift */,
			);
			path = Extension;
			sourceTree = "<group>";
		};
		6305C63761C3DCC012B12794 /* Frameworks */ = {
			isa = PBXGroup;
			children = (
				F4ECF4444F8B618D9AEB3672 /* Pods_Caricature_Swift.framework */,
			);
			name = Frameworks;
			sourceTree = "<group>";
		};
		DE16BAF11461EF16F74D6908 /* Pods */ = {
			isa = PBXGroup;
			children = (
				85CF236D36DAE7814D71F8A6 /* Pods-Caricature_Swift.debug.xcconfig */,
				5F7CD7CF795788B0CE6F1FF0 /* Pods-Caricature_Swift.release.xcconfig */,
			);
			name = Pods;
			sourceTree = "<group>";
		};
/* End PBXGroup section */

/* Begin PBXNativeTarget section */
		03406BA822FC366B007DDF0E /* Caricature_Swift */ = {
			isa = PBXNativeTarget;
			buildConfigurationList = 03406BBB22FC366B007DDF0E /* Build configuration list for PBXNativeTarget "Caricature_Swift" */;
			buildPhases = (
				CA2E1820B86F24E1755C9AA9 /* [CP] Check Pods Manifest.lock */,
				03406BA522FC366B007DDF0E /* Sources */,
				03406BA622FC366B007DDF0E /* Frameworks */,
				03406BA722FC366B007DDF0E /* Resources */,
				2EBBA055B81BD848E744CCEB /* [CP] Embed Pods Frameworks */,
			);
			buildRules = (
			);
			dependencies = (
			);
			name = Caricature_Swift;
			productName = Caricature_Swift;
			productReference = 03406BA922FC366B007DDF0E /* Caricature_Swift.app */;
			productType = "com.apple.product-type.application";
		};
/* End PBXNativeTarget section */

/* Begin PBXProject section */
		03406BA122FC366B007DDF0E /* Project object */ = {
			isa = PBXProject;
			attributes = {
				LastSwiftUpdateCheck = 1020;
				LastUpgradeCheck = 1020;
				ORGANIZATIONNAME = "姚智豪";
				TargetAttributes = {
					03406BA822FC366B007DDF0E = {
						CreatedOnToolsVersion = 10.2.1;
					};
				};
			};
			buildConfigurationList = 03406BA422FC366B007DDF0E /* Build configuration list for PBXProject "Caricature_Swift" */;
			compatibilityVersion = "Xcode 9.3";
			developmentRegion = en;
			hasScannedForEncodings = 0;
			knownRegions = (
				en,
				Base,
			);
			mainGroup = 03406BA022FC366B007DDF0E;
			productRefGroup = 03406BAA22FC366B007DDF0E /* Products */;
			projectDirPath = "";
			projectRoot = "";
			targets = (
				03406BA822FC366B007DDF0E /* Caricature_Swift */,
			);
		};
/* End PBXProject section */

/* Begin PBXResourcesBuildPhase section */
		03406BA722FC366B007DDF0E /* Resources */ = {
			isa = PBXResourcesBuildPhase;
			buildActionMask = 2147483647;
			files = (
				03406BB722FC366B007DDF0E /* LaunchScreen.storyboard in Resources */,
				03406BB422FC366B007DDF0E /* Assets.xcassets in Resources */,
				03406BB222FC366B007DDF0E /* Main.storyboard in Resources */,
			);
			runOnlyForDeploymentPostprocessing = 0;
		};
/* End PBXResourcesBuildPhase section */

/* Begin PBXShellScriptBuildPhase section */
		2EBBA055B81BD848E744CCEB /* [CP] Embed Pods Frameworks */ = {
			isa = PBXShellScriptBuildPhase;
			buildActionMask = 2147483647;
			files = (
			);
			inputPaths = (
				"${SRCROOT}/Pods/Target Support Files/Pods-Caricature_Swift/Pods-Caricature_Swift-frameworks.sh",
				"${BUILT_PRODUCTS_DIR}/Alamofire/Alamofire.framework",
				"${BUILT_PRODUCTS_DIR}/EmptyDataSet-Swift/EmptyDataSet_Swift.framework",
				"${BUILT_PRODUCTS_DIR}/HMSegmentedControl/HMSegmentedControl.framework",
				"${BUILT_PRODUCTS_DIR}/HandyJSON/HandyJSON.framework",
				"${BUILT_PRODUCTS_DIR}/IQKeyboardManagerSwift/IQKeyboardManagerSwift.framework",
				"${BUILT_PRODUCTS_DIR}/Kingfisher/Kingfisher.framework",
				"${BUILT_PRODUCTS_DIR}/LLCycleScrollView/LLCycleScrollView.framework",
				"${BUILT_PRODUCTS_DIR}/MBProgressHUD/MBProgressHUD.framework",
				"${BUILT_PRODUCTS_DIR}/MJRefresh/MJRefresh.framework",
				"${BUILT_PRODUCTS_DIR}/Moya/Moya.framework",
				"${BUILT_PRODUCTS_DIR}/Result/Result.framework",
				"${BUILT_PRODUCTS_DIR}/Reusable/Reusable.framework",
				"${BUILT_PRODUCTS_DIR}/Then/Then.framework",
				"${BUILT_PRODUCTS_DIR}/UINavigation-SXFixSpace/UINavigation_SXFixSpace.framework",
			);
			name = "[CP] Embed Pods Frameworks";
			outputPaths = (
				"${TARGET_BUILD_DIR}/${FRAMEWORKS_FOLDER_PATH}/Alamofire.framework",
				"${TARGET_BUILD_DIR}/${FRAMEWORKS_FOLDER_PATH}/EmptyDataSet_Swift.framework",
				"${TARGET_BUILD_DIR}/${FRAMEWORKS_FOLDER_PATH}/HMSegmentedControl.framework",
				"${TARGET_BUILD_DIR}/${FRAMEWORKS_FOLDER_PATH}/HandyJSON.framework",
				"${TARGET_BUILD_DIR}/${FRAMEWORKS_FOLDER_PATH}/IQKeyboardManagerSwift.framework",
				"${TARGET_BUILD_DIR}/${FRAMEWORKS_FOLDER_PATH}/Kingfisher.framework",
				"${TARGET_BUILD_DIR}/${FRAMEWORKS_FOLDER_PATH}/LLCycleScrollView.framework",
				"${TARGET_BUILD_DIR}/${FRAMEWORKS_FOLDER_PATH}/MBProgressHUD.framework",
				"${TARGET_BUILD_DIR}/${FRAMEWORKS_FOLDER_PATH}/MJRefresh.framework",
				"${TARGET_BUILD_DIR}/${FRAMEWORKS_FOLDER_PATH}/Moya.framework",
				"${TARGET_BUILD_DIR}/${FRAMEWORKS_FOLDER_PATH}/Result.framework",
				"${TARGET_BUILD_DIR}/${FRAMEWORKS_FOLDER_PATH}/Reusable.framework",
				"${TARGET_BUILD_DIR}/${FRAMEWORKS_FOLDER_PATH}/Then.framework",
				"${TARGET_BUILD_DIR}/${FRAMEWORKS_FOLDER_PATH}/UINavigation_SXFixSpace.framework",
			);
			runOnlyForDeploymentPostprocessing = 0;
			shellPath = /bin/sh;
			shellScript = "\"${SRCROOT}/Pods/Target Support Files/Pods-Caricature_Swift/Pods-Caricature_Swift-frameworks.sh\"\n";
			showEnvVarsInLog = 0;
		};
		CA2E1820B86F24E1755C9AA9 /* [CP] Check Pods Manifest.lock */ = {
			isa = PBXShellScriptBuildPhase;
			buildActionMask = 2147483647;
			files = (
			);
			inputPaths = (
				"${PODS_PODFILE_DIR_PATH}/Podfile.lock",
				"${PODS_ROOT}/Manifest.lock",
			);
			name = "[CP] Check Pods Manifest.lock";
			outputPaths = (
				"$(DERIVED_FILE_DIR)/Pods-Caricature_Swift-checkManifestLockResult.txt",
			);
			runOnlyForDeploymentPostprocessing = 0;
			shellPath = /bin/sh;
			shellScript = "diff \"${PODS_PODFILE_DIR_PATH}/Podfile.lock\" \"${PODS_ROOT}/Manifest.lock\" > /dev/null\nif [ $? != 0 ] ; then\n    # print error to STDERR\n    echo \"error: The sandbox is not in sync with the Podfile.lock. Run 'pod install' or update your CocoaPods installation.\" >&2\n    exit 1\nfi\n# This output is used by Xcode 'outputs' to avoid re-running this script phase.\necho \"SUCCESS\" > \"${SCRIPT_OUTPUT_FILE_0}\"\n";
			showEnvVarsInLog = 0;
		};
/* End PBXShellScriptBuildPhase section */

/* Begin PBXSourcesBuildPhase section */
		03406BA522FC366B007DDF0E /* Sources */ = {
			isa = PBXSourcesBuildPhase;
			buildActionMask = 2147483647;
			files = (
				03406BAF22FC366B007DDF0E /* ViewController.swift in Sources */,
				031C0248230AB1F7000656EC /* UBaseCollectionViewCell.swift in Sources */,
				031C024C230AB4F0000656EC /* UBaseCollectionReusableView.swift in Sources */,
				03406BAD22FC366B007DDF0E /* AppDelegate.swift in Sources */,
				039A25F7230BFCFB001AA408 /* UBaseViewController.swift in Sources */,
				031355262302C09D00E830DE /* UBaseTableViewHeaderFooterView.swift in Sources */,
				03406BC022FC4700007DDF0E /* Global.swift in Sources */,
				039A25FA230C003F001AA408 /* UIColorExtension.swift in Sources */,
				030FA75723210276008DF4E7 /* UIBarButtonItemExtension.swift in Sources */,
				031DE49B2322748A0058AABD /* DictionaryExtension.swift in Sources */,
				0310AC1922FD772F00965ECD /* UTabBarController.swift in Sources */,
				03EC4C20232FA02400D8B7B4 /* UWebViewController.swift in Sources */,
				031C024A230AB2A4000656EC /* UBaseTableViewCell.swift in Sources */,
				031DE495232267960058AABD /* UIDeviceExtension.swift in Sources */,
				039F0774232552C6006A13AB /* UIViewExtension.swift in Sources */,
				0348346A232AA537003F7563 /* ConstraintArrayDSL.swift in Sources */,
				031DE497232274280058AABD /* UIImageExtensions.swift in Sources */,
				031DE493232262D30058AABD /* StringExtension.swift in Sources */,
				031A291E23192DA40085D3D7 /* UNavigationController.swift in Sources */,
				031DE4992322744A0058AABD /* ArrayExtensions.swift in Sources */,
				031DE49D232275980058AABD /* DispatchQueueExtension.swift in Sources */,
			);
			runOnlyForDeploymentPostprocessing = 0;
		};
/* End PBXSourcesBuildPhase section */

/* Begin PBXVariantGroup section */
		03406BB022FC366B007DDF0E /* Main.storyboard */ = {
			isa = PBXVariantGroup;
			children = (
				03406BB122FC366B007DDF0E /* Base */,
			);
			name = Main.storyboard;
			sourceTree = "<group>";
		};
		03406BB522FC366B007DDF0E /* LaunchScreen.storyboard */ = {
			isa = PBXVariantGroup;
			children = (
				03406BB622FC366B007DDF0E /* Base */,
			);
			name = LaunchScreen.storyboard;
			sourceTree = "<group>";
		};
/* End PBXVariantGroup section */

/* Begin XCBuildConfiguration section */
		03406BB922FC366B007DDF0E /* Debug */ = {
			isa = XCBuildConfiguration;
			buildSettings = {
				ALWAYS_SEARCH_USER_PATHS = NO;
				CLANG_ANALYZER_NONNULL = YES;
				CLANG_ANALYZER_NUMBER_OBJECT_CONVERSION = YES_AGGRESSIVE;
				CLANG_CXX_LANGUAGE_STANDARD = "gnu++14";
				CLANG_CXX_LIBRARY = "libc++";
				CLANG_ENABLE_MODULES = YES;
				CLANG_ENABLE_OBJC_ARC = YES;
				CLANG_ENABLE_OBJC_WEAK = YES;
				CLANG_WARN_BLOCK_CAPTURE_AUTORELEASING = YES;
				CLANG_WARN_BOOL_CONVERSION = YES;
				CLANG_WARN_COMMA = YES;
				CLANG_WARN_CONSTANT_CONVERSION = YES;
				CLANG_WARN_DEPRECATED_OBJC_IMPLEMENTATIONS = YES;
				CLANG_WARN_DIRECT_OBJC_ISA_USAGE = YES_ERROR;
				CLANG_WARN_DOCUMENTATION_COMMENTS = YES;
				CLANG_WARN_EMPTY_BODY = YES;
				CLANG_WARN_ENUM_CONVERSION = YES;
				CLANG_WARN_INFINITE_RECURSION = YES;
				CLANG_WARN_INT_CONVERSION = YES;
				CLANG_WARN_NON_LITERAL_NULL_CONVERSION = YES;
				CLANG_WARN_OBJC_IMPLICIT_RETAIN_SELF = YES;
				CLANG_WARN_OBJC_LITERAL_CONVERSION = YES;
				CLANG_WARN_OBJC_ROOT_CLASS = YES_ERROR;
				CLANG_WARN_RANGE_LOOP_ANALYSIS = YES;
				CLANG_WARN_STRICT_PROTOTYPES = YES;
				CLANG_WARN_SUSPICIOUS_MOVE = YES;
				CLANG_WARN_UNGUARDED_AVAILABILITY = YES_AGGRESSIVE;
				CLANG_WARN_UNREACHABLE_CODE = YES;
				CLANG_WARN__DUPLICATE_METHOD_MATCH = YES;
				CODE_SIGN_IDENTITY = "iPhone Developer";
				COPY_PHASE_STRIP = NO;
				DEBUG_INFORMATION_FORMAT = dwarf;
				ENABLE_STRICT_OBJC_MSGSEND = YES;
				ENABLE_TESTABILITY = YES;
				GCC_C_LANGUAGE_STANDARD = gnu11;
				GCC_DYNAMIC_NO_PIC = NO;
				GCC_NO_COMMON_BLOCKS = YES;
				GCC_OPTIMIZATION_LEVEL = 0;
				GCC_PREPROCESSOR_DEFINITIONS = (
					"DEBUG=1",
					"$(inherited)",
				);
				GCC_WARN_64_TO_32_BIT_CONVERSION = YES;
				GCC_WARN_ABOUT_RETURN_TYPE = YES_ERROR;
				GCC_WARN_UNDECLARED_SELECTOR = YES;
				GCC_WARN_UNINITIALIZED_AUTOS = YES_AGGRESSIVE;
				GCC_WARN_UNUSED_FUNCTION = YES;
				GCC_WARN_UNUSED_VARIABLE = YES;
				IPHONEOS_DEPLOYMENT_TARGET = 12.2;
				MTL_ENABLE_DEBUG_INFO = INCLUDE_SOURCE;
				MTL_FAST_MATH = YES;
				ONLY_ACTIVE_ARCH = YES;
				SDKROOT = iphoneos;
				SWIFT_ACTIVE_COMPILATION_CONDITIONS = DEBUG;
				SWIFT_OPTIMIZATION_LEVEL = "-Onone";
			};
			name = Debug;
		};
		03406BBA22FC366B007DDF0E /* Release */ = {
			isa = XCBuildConfiguration;
			buildSettings = {
				ALWAYS_SEARCH_USER_PATHS = NO;
				CLANG_ANALYZER_NONNULL = YES;
				CLANG_ANALYZER_NUMBER_OBJECT_CONVERSION = YES_AGGRESSIVE;
				CLANG_CXX_LANGUAGE_STANDARD = "gnu++14";
				CLANG_CXX_LIBRARY = "libc++";
				CLANG_ENABLE_MODULES = YES;
				CLANG_ENABLE_OBJC_ARC = YES;
				CLANG_ENABLE_OBJC_WEAK = YES;
				CLANG_WARN_BLOCK_CAPTURE_AUTORELEASING = YES;
				CLANG_WARN_BOOL_CONVERSION = YES;
				CLANG_WARN_COMMA = YES;
				CLANG_WARN_CONSTANT_CONVERSION = YES;
				CLANG_WARN_DEPRECATED_OBJC_IMPLEMENTATIONS = YES;
				CLANG_WARN_DIRECT_OBJC_ISA_USAGE = YES_ERROR;
				CLANG_WARN_DOCUMENTATION_COMMENTS = YES;
				CLANG_WARN_EMPTY_BODY = YES;
				CLANG_WARN_ENUM_CONVERSION = YES;
				CLANG_WARN_INFINITE_RECURSION = YES;
				CLANG_WARN_INT_CONVERSION = YES;
				CLANG_WARN_NON_LITERAL_NULL_CONVERSION = YES;
				CLANG_WARN_OBJC_IMPLICIT_RETAIN_SELF = YES;
				CLANG_WARN_OBJC_LITERAL_CONVERSION = YES;
				CLANG_WARN_OBJC_ROOT_CLASS = YES_ERROR;
				CLANG_WARN_RANGE_LOOP_ANALYSIS = YES;
				CLANG_WARN_STRICT_PROTOTYPES = YES;
				CLANG_WARN_SUSPICIOUS_MOVE = YES;
				CLANG_WARN_UNGUARDED_AVAILABILITY = YES_AGGRESSIVE;
				CLANG_WARN_UNREACHABLE_CODE = YES;
				CLANG_WARN__DUPLICATE_METHOD_MATCH = YES;
				CODE_SIGN_IDENTITY = "iPhone Developer";
				COPY_PHASE_STRIP = NO;
				DEBUG_INFORMATION_FORMAT = "dwarf-with-dsym";
				ENABLE_NS_ASSERTIONS = NO;
				ENABLE_STRICT_OBJC_MSGSEND = YES;
				GCC_C_LANGUAGE_STANDARD = gnu11;
				GCC_NO_COMMON_BLOCKS = YES;
				GCC_WARN_64_TO_32_BIT_CONVERSION = YES;
				GCC_WARN_ABOUT_RETURN_TYPE = YES_ERROR;
				GCC_WARN_UNDECLARED_SELECTOR = YES;
				GCC_WARN_UNINITIALIZED_AUTOS = YES_AGGRESSIVE;
				GCC_WARN_UNUSED_FUNCTION = YES;
				GCC_WARN_UNUSED_VARIABLE = YES;
				IPHONEOS_DEPLOYMENT_TARGET = 12.2;
				MTL_ENABLE_DEBUG_INFO = NO;
				MTL_FAST_MATH = YES;
				SDKROOT = iphoneos;
				SWIFT_COMPILATION_MODE = wholemodule;
				SWIFT_OPTIMIZATION_LEVEL = "-O";
				VALIDATE_PRODUCT = YES;
			};
			name = Release;
		};
		03406BBC22FC366B007DDF0E /* Debug */ = {
			isa = XCBuildConfiguration;
			baseConfigurationReference = 85CF236D36DAE7814D71F8A6 /* Pods-Caricature_Swift.debug.xcconfig */;
			buildSettings = {
				ASSETCATALOG_COMPILER_APPICON_NAME = AppIcon;
				CODE_SIGN_IDENTITY = "iPhone Developer";
				CODE_SIGN_STYLE = Manual;
				DEVELOPMENT_TEAM = P9BU883P24;
				INFOPLIST_FILE = Caricature_Swift/Info.plist;
				IPHONEOS_DEPLOYMENT_TARGET = 10.0;
				LD_RUNPATH_SEARCH_PATHS = (
					"$(inherited)",
					"@executable_path/Frameworks",
				);
				PRODUCT_BUNDLE_IDENTIFIER = com.tfbj.xudb;
				PRODUCT_NAME = "$(TARGET_NAME)";
				PROVISIONING_PROFILE_SPECIFIER = tonguingDevelopment;
				SWIFT_VERSION = 5.0;
				TARGETED_DEVICE_FAMILY = "1,2";
				USER_HEADER_SEARCH_PATHS = "\"$(SRCROOT)/Pods/Kingfisher\"";
			};
			name = Debug;
		};
		03406BBD22FC366B007DDF0E /* Release */ = {
			isa = XCBuildConfiguration;
			baseConfigurationReference = 5F7CD7CF795788B0CE6F1FF0 /* Pods-Caricature_Swift.release.xcconfig */;
			buildSettings = {
				ASSETCATALOG_COMPILER_APPICON_NAME = AppIcon;
				CODE_SIGN_IDENTITY = "iPhone Developer";
				CODE_SIGN_STYLE = Manual;
				DEVELOPMENT_TEAM = "";
				INFOPLIST_FILE = Caricature_Swift/Info.plist;
				IPHONEOS_DEPLOYMENT_TARGET = 10.0;
				LD_RUNPATH_SEARCH_PATHS = (
					"$(inherited)",
					"@executable_path/Frameworks",
				);
				PRODUCT_BUNDLE_IDENTIFIER = com.tfbj.xudb;
				PRODUCT_NAME = "$(TARGET_NAME)";
				PROVISIONING_PROFILE_SPECIFIER = "";
				SWIFT_VERSION = 5.0;
				TARGETED_DEVICE_FAMILY = "1,2";
				USER_HEADER_SEARCH_PATHS = "\"$(SRCROOT)/Pods/Kingfisher\"";
			};
			name = Release;
		};
/* End XCBuildConfiguration section */

/* Begin XCConfigurationList section */
		03406BA422FC366B007DDF0E /* Build configuration list for PBXProject "Caricature_Swift" */ = {
			isa = XCConfigurationList;
			buildConfigurations = (
				03406BB922FC366B007DDF0E /* Debug */,
				03406BBA22FC366B007DDF0E /* Release */,
			);
			defaultConfigurationIsVisible = 0;
			defaultConfigurationName = Release;
		};
		03406BBB22FC366B007DDF0E /* Build configuration list for PBXNativeTarget "Caricature_Swift" */ = {
			isa = XCConfigurationList;
			buildConfigurations = (
				03406BBC22FC366B007DDF0E /* Debug */,
				03406BBD22FC366B007DDF0E /* Release */,
			);
			defaultConfigurationIsVisible = 0;
			defaultConfigurationName = Release;
		};
/* End XCConfigurationList section */
	};
	rootObject = 03406BA122FC366B007DDF0E /* Project object */;
}
